
Microsoft Visual Studio Solution File, Format Version 12.00
# Visual Studio 14
VisualStudioVersion = 14.0.25123.0
MinimumVisualStudioVersion = 10.0.40219.1
Project("{2150E333-8FDC-42A3-9474-1A3956D46DE8}") = "Sales", "Sales", "{D46C6C3E-5C88-4C19-AB53-D339CBA471AF}"
EndProject
Project("{FAE04EC0-301F-11D3-BF4B-00C04F79EFBC}") = "Sales.Client.ApplicationServices", "Sales.Client.ApplicationServices\Sales.Client.ApplicationServices.csproj", "{1715AA00-F118-4BF1-B1D1-9EF92A59A555}"
EndProject
Project("{FAE04EC0-301F-11D3-BF4B-00C04F79EFBC}") = "Sales.Client.Mvc", "Sales.Client.Mvc\Sales.Client.Mvc.csproj", "{8417CFF5-9D32-461E-8579-012711283D3D}"
EndProject
Project("{FAE04EC0-301F-11D3-BF4B-00C04F79EFBC}") = "Sales.Handler.OrderForwarder", "Sales.Handler.OrderForwarder\Sales.Handler.OrderForwarder.csproj", "{0FBBAA62-2722-4096-B98E-3D576DDAA885}"
EndProject
Project("{FAE04EC0-301F-11D3-BF4B-00C04F79EFBC}") = "Sales.Handler.OrderProcessor", "Sales.Handler.OrderProcessor\Sales.Handler.OrderProcessor.csproj", "{CD65BA35-E163-49A1-A751-97945AFC56E0}"
EndProject
Project("{FAE04EC0-301F-11D3-BF4B-00C04F79EFBC}") = "Sales.Service.Host", "Sales.Service.Host\Sales.Service.Host.csproj", "{813C5027-1AD3-448A-BE63-6F6B1EAD6908}"
EndProject
Project("{FAE04EC0-301F-11D3-BF4B-00C04F79EFBC}") = "Sales.Service.Hub", "Sales.Service.Hub\Sales.Service.Hub.csproj", "{45064091-0C61-4807-ACE7-0D8687EC81AF}"
EndProject
Project("{FAE04EC0-301F-11D3-BF4B-00C04F79EFBC}") = "Sales.Libs", "Sales.Libs\Sales.Libs.csproj", "{3B7E34AF-96DE-46A4-B910-602F26AD8B19}"
EndProject
Global
	GlobalSection(SolutionConfigurationPlatforms) = preSolution
		Debug|Any CPU = Debug|Any CPU
		Release|Any CPU = Release|Any CPU
	EndGlobalSection
	GlobalSection(ProjectConfigurationPlatforms) = postSolution
		{1715AA00-F118-4BF1-B1D1-9EF92A59A555}.Debug|Any CPU.ActiveCfg = Debug|Any CPU
		{1715AA00-F118-4BF1-B1D1-9EF92A59A555}.Debug|Any CPU.Build.0 = Debug|Any CPU
		{1715AA00-F118-4BF1-B1D1-9EF92A59A555}.Release|Any CPU.ActiveCfg = Release|Any CPU
		{1715AA00-F118-4BF1-B1D1-9EF92A59A555}.Release|Any CPU.Build.0 = Release|Any CPU
		{8417CFF5-9D32-461E-8579-012711283D3D}.Debug|Any CPU.ActiveCfg = Debug|Any CPU
		{8417CFF5-9D32-461E-8579-012711283D3D}.Debug|Any CPU.Build.0 = Debug|Any CPU
		{8417CFF5-9D32-461E-8579-012711283D3D}.Release|Any CPU.ActiveCfg = Release|Any CPU
		{8417CFF5-9D32-461E-8579-012711283D3D}.Release|Any CPU.Build.0 = Release|Any CPU
		{0FBBAA62-2722-4096-B98E-3D576DDAA885}.Debug|Any CPU.ActiveCfg = Debug|Any CPU
		{0FBBAA62-2722-4096-B98E-3D576DDAA885}.Debug|Any CPU.Build.0 = Debug|Any CPU
		{0FBBAA62-2722-4096-B98E-3D576DDAA885}.Release|Any CPU.ActiveCfg = Release|Any CPU
		{0FBBAA62-2722-4096-B98E-3D576DDAA885}.Release|Any CPU.Build.0 = Release|Any CPU
		{CD65BA35-E163-49A1-A751-97945AFC56E0}.Debug|Any CPU.ActiveCfg = Debug|Any CPU
		{CD65BA35-E163-49A1-A751-97945AFC56E0}.Debug|Any CPU.Build.0 = Debug|Any CPU
		{CD65BA35-E163-49A1-A751-97945AFC56E0}.Release|Any CPU.ActiveCfg = Release|Any CPU
		{CD65BA35-E163-49A1-A751-97945AFC56E0}.Release|Any CPU.Build.0 = Release|Any CPU
		{813C5027-1AD3-448A-BE63-6F6B1EAD6908}.Debug|Any CPU.ActiveCfg = Debug|Any CPU
		{813C5027-1AD3-448A-BE63-6F6B1EAD6908}.Debug|Any CPU.Build.0 = Debug|Any CPU
		{813C5027-1AD3-448A-BE63-6F6B1EAD6908}.Release|Any CPU.ActiveCfg = Release|Any CPU
		{813C5027-1AD3-448A-BE63-6F6B1EAD6908}.Release|Any CPU.Build.0 = Release|Any CPU
		{45064091-0C61-4807-ACE7-0D8687EC81AF}.Debug|Any CPU.ActiveCfg = Debug|Any CPU
		{45064091-0C61-4807-ACE7-0D8687EC81AF}.Debug|Any CPU.Build.0 = Debug|Any CPU
		{45064091-0C61-4807-ACE7-0D8687EC81AF}.Release|Any CPU.ActiveCfg = Release|Any CPU
		{45064091-0C61-4807-ACE7-0D8687EC81AF}.Release|Any CPU.Build.0 = Release|Any CPU
		{3B7E34AF-96DE-46A4-B910-602F26AD8B19}.Debug|Any CPU.ActiveCfg = Debug|Any CPU
		{3B7E34AF-96DE-46A4-B910-602F26AD8B19}.Debug|Any CPU.Build.0 = Debug|Any CPU
		{3B7E34AF-96DE-46A4-B910-602F26AD8B19}.Release|Any CPU.ActiveCfg = Release|Any CPU
		{3B7E34AF-96DE-46A4-B910-602F26AD8B19}.Release|Any CPU.Build.0 = Release|Any CPU
	EndGlobalSection
	GlobalSection(SolutionProperties) = preSolution
		HideSolutionNode = FALSE
	EndGlobalSection
	GlobalSection(NestedProjects) = preSolution
		{1715AA00-F118-4BF1-B1D1-9EF92A59A555} = {D46C6C3E-5C88-4C19-AB53-D339CBA471AF}
		{8417CFF5-9D32-461E-8579-012711283D3D} = {D46C6C3E-5C88-4C19-AB53-D339CBA471AF}
		{0FBBAA62-2722-4096-B98E-3D576DDAA885} = {D46C6C3E-5C88-4C19-AB53-D339CBA471AF}
		{CD65BA35-E163-49A1-A751-97945AFC56E0} = {D46C6C3E-5C88-4C19-AB53-D339CBA471AF}
		{813C5027-1AD3-448A-BE63-6F6B1EAD6908} = {D46C6C3E-5C88-4C19-AB53-D339CBA471AF}
		{45064091-0C61-4807-ACE7-0D8687EC81AF} = {D46C6C3E-5C88-4C19-AB53-D339CBA471AF}
		{3B7E34AF-96DE-46A4-B910-602F26AD8B19} = {D46C6C3E-5C88-4C19-AB53-D339CBA471AF}
	EndGlobalSection
EndGlobal
