
Microsoft Visual Studio Solution File, Format Version 12.00
# Visual Studio 14
VisualStudioVersion = 14.0.25123.0
MinimumVisualStudioVersion = 10.0.40219.1
Project("{FAE04EC0-301F-11D3-BF4B-00C04F79EFBC}") = "Crm.Client.ApplicationServices", "crm\Crm.Client.ApplicationServices\Crm.Client.ApplicationServices.csproj", "{39E5B6AB-C4FF-46AA-9375-F68034D0E121}"
EndProject
Project("{FAE04EC0-301F-11D3-BF4B-00C04F79EFBC}") = "Crm.Client.Wpf", "crm\Crm.Client.Wpf\Crm.Client.Wpf.csproj", "{F37604C6-327F-4743-BE30-CB5CC3A56EC5}"
EndProject
Project("{2150E333-8FDC-42A3-9474-1A3956D46DE8}") = "Crm", "Crm", "{1D506239-8CCC-4363-A4FC-C0D94CFF036E}"
EndProject
Project("{2150E333-8FDC-42A3-9474-1A3956D46DE8}") = "Common", "Common", "{B07A3AA9-0395-42B6-B45C-0C765F4959C7}"
EndProject
Project("{FAE04EC0-301F-11D3-BF4B-00C04F79EFBC}") = "Shared.Commands", "shared\Shared.Commands\Shared.Commands.csproj", "{2A4E4232-4AE2-4977-8D70-D61A121552C4}"
EndProject
Project("{FAE04EC0-301F-11D3-BF4B-00C04F79EFBC}") = "Shared.Configuration", "shared\Shared.Configuration\Shared.Configuration.csproj", "{35DE831C-6403-4A80-8F51-63AF3E8CB6CB}"
EndProject
Project("{FAE04EC0-301F-11D3-BF4B-00C04F79EFBC}") = "Shared.Events", "shared\Shared.Events\Shared.Events.csproj", "{5A7D6192-598A-4A92-8099-A06D05EAA2CB}"
EndProject
Project("{FAE04EC0-301F-11D3-BF4B-00C04F79EFBC}") = "Shared.Infrastructure", "shared\Shared.Infrastructure\Shared.Infrastructure.csproj", "{2D4B07C8-976F-4F53-8B82-79371B310096}"
EndProject
Project("{FAE04EC0-301F-11D3-BF4B-00C04F79EFBC}") = "Shared.Messages", "shared\Shared.Messages\Shared.Messages.csproj", "{4EBB3606-6B97-47CF-9B72-EB3960145AD1}"
EndProject
Project("{FAE04EC0-301F-11D3-BF4B-00C04F79EFBC}") = "Shared.OrderDb", "shared\Shared.OrderDb\Shared.OrderDb.csproj", "{C8E06BFF-AE5A-4572-8CB2-D5183CF9FCA2}"
EndProject
Project("{FAE04EC0-301F-11D3-BF4B-00C04F79EFBC}") = "Shared.OrderRepository", "shared\Shared.OrderRepository\Shared.OrderRepository.csproj", "{2B26BA10-B7B4-4D2A-8ABE-07F2FC52AA4A}"
EndProject
Project("{FAE04EC0-301F-11D3-BF4B-00C04F79EFBC}") = "Shared.ProductRepository", "shared\Shared.ProductRepository\Shared.ProductRepository.csproj", "{F7EFAE92-913C-4E09-A2F2-C928D6D5271D}"
EndProject
Project("{FAE04EC0-301F-11D3-BF4B-00C04F79EFBC}") = "Shared.ProductDb", "shared\Shared.ProductDb\Shared.ProductDb.csproj", "{3802FA69-E0C8-4D0E-B22B-D979974069D7}"
EndProject
Project("{FAE04EC0-301F-11D3-BF4B-00C04F79EFBC}") = "Shared.ViewModels", "shared\Shared.ViewModels\Shared.ViewModels.csproj", "{BCB5C494-40B4-4570-A9D7-B76385930173}"
EndProject
Project("{FAE04EC0-301F-11D3-BF4B-00C04F79EFBC}") = "Sales.Client.ApplicationServices", "sales\Sales.Client.ApplicationServices\Sales.Client.ApplicationServices.csproj", "{1715AA00-F118-4BF1-B1D1-9EF92A59A555}"
EndProject
Project("{FAE04EC0-301F-11D3-BF4B-00C04F79EFBC}") = "Sales.Client.Mvc", "sales\Sales.Client.Mvc\Sales.Client.Mvc.csproj", "{8417CFF5-9D32-461E-8579-012711283D3D}"
EndProject
Project("{FAE04EC0-301F-11D3-BF4B-00C04F79EFBC}") = "Sales.Handler.OrderForwarder", "sales\Sales.Handler.OrderForwarder\Sales.Handler.OrderForwarder.csproj", "{0FBBAA62-2722-4096-B98E-3D576DDAA885}"
EndProject
Project("{FAE04EC0-301F-11D3-BF4B-00C04F79EFBC}") = "Sales.Handler.OrderProcessor", "sales\Sales.Handler.OrderProcessor\Sales.Handler.OrderProcessor.csproj", "{CD65BA35-E163-49A1-A751-97945AFC56E0}"
EndProject
Project("{FAE04EC0-301F-11D3-BF4B-00C04F79EFBC}") = "Sales.Service.Host", "sales\Sales.Service.Host\Sales.Service.Host.csproj", "{813C5027-1AD3-448A-BE63-6F6B1EAD6908}"
EndProject
Project("{FAE04EC0-301F-11D3-BF4B-00C04F79EFBC}") = "Sales.Service.Hub", "sales\Sales.Service.Hub\Sales.Service.Hub.csproj", "{45064091-0C61-4807-ACE7-0D8687EC81AF}"
EndProject
Project("{2150E333-8FDC-42A3-9474-1A3956D46DE8}") = "Sales", "Sales", "{C7648C96-6B06-4A9A-8568-2B97640EFC51}"
EndProject
Project("{FAE04EC0-301F-11D3-BF4B-00C04F79EFBC}") = "Shipping.Client.ApplicationServices", "shipping\Shipping.Client.ApplicationServices\Shipping.Client.ApplicationServices.csproj", "{491A987E-F0C0-490E-B1FF-0593CB5C765D}"
EndProject
Project("{FAE04EC0-301F-11D3-BF4B-00C04F79EFBC}") = "Shipping.Client.Mvc", "shipping\Shipping.Client.Mvc\Shipping.Client.Mvc.csproj", "{01926592-E437-4307-833C-C723D1ACA96F}"
EndProject
Project("{FAE04EC0-301F-11D3-BF4B-00C04F79EFBC}") = "Shipping.Handler.OrderProcessor", "shipping\Shipping.Handler.OrderProcessor\Shipping.Handler.OrderProcessor.csproj", "{84F6F14A-44ED-4488-9AAA-456AADDAED57}"
EndProject
Project("{FAE04EC0-301F-11D3-BF4B-00C04F79EFBC}") = "Shipping.Handler.ShippingProcessor", "shipping\Shipping.Handler.ShippingProcessor\Shipping.Handler.ShippingProcessor.csproj", "{3B66482D-D70F-43C2-A0B9-AADCE9A191EB}"
EndProject
Project("{FAE04EC0-301F-11D3-BF4B-00C04F79EFBC}") = "Shipping.Service.Host", "shipping\Shipping.Service.Host\Shipping.Service.Host.csproj", "{15646073-FBD3-4629-9E83-0A3CFE170AB7}"
EndProject
Project("{FAE04EC0-301F-11D3-BF4B-00C04F79EFBC}") = "Shipping.Service.Hub", "shipping\Shipping.Service.Hub\Shipping.Service.Hub.csproj", "{77720696-21FE-4530-B78A-7E5E60A98056}"
EndProject
Project("{2150E333-8FDC-42A3-9474-1A3956D46DE8}") = "Shipping", "Shipping", "{4FC018BF-DFED-4001-B21D-599DAE7DBC2C}"
EndProject
Project("{2150E333-8FDC-42A3-9474-1A3956D46DE8}") = "Website", "Website", "{510F1DC7-BF2B-44A3-9DE7-514F5EF94156}"
EndProject
Project("{FAE04EC0-301F-11D3-BF4B-00C04F79EFBC}") = "Website.Client.ApplicationServices", "website\Website.Client.ApplicationServices\Website.Client.ApplicationServices.csproj", "{A1618C54-7C13-4901-BD83-BA80BBA7B8D3}"
EndProject
Project("{FAE04EC0-301F-11D3-BF4B-00C04F79EFBC}") = "Website.Client.Mvc", "website\Website.Client.Mvc\Website.Client.Mvc.csproj", "{F167DC99-82B4-4F23-B36F-0B889A6506A4}"
EndProject
Project("{FAE04EC0-301F-11D3-BF4B-00C04F79EFBC}") = "Website.Handler.AcceptOrder", "website\Website.Handler.AcceptOrder\Website.Handler.AcceptOrder.csproj", "{F84EEBD3-65C5-4BDC-98C8-490A21C0F914}"
EndProject
Project("{FAE04EC0-301F-11D3-BF4B-00C04F79EFBC}") = "Website.Handler.ShippingProcessor", "website\Website.Handler.ShippingProcessor\Website.Handler.ShippingProcessor.csproj", "{D479D37F-015E-4DD7-ACF1-8A43D8FC4F60}"
EndProject
Project("{FAE04EC0-301F-11D3-BF4B-00C04F79EFBC}") = "Website.OrderSaga", "website\Website.OrderSaga\Website.OrderSaga.csproj", "{98FD697F-8D97-44B2-BC47-5E82D4A6F4E6}"
EndProject
Project("{FAE04EC0-301F-11D3-BF4B-00C04F79EFBC}") = "Website.Service.Host", "website\Website.Service.Host\Website.Service.Host.csproj", "{F9C6F143-B146-4643-B8AC-F4461EED3B55}"
EndProject
Project("{FAE04EC0-301F-11D3-BF4B-00C04F79EFBC}") = "Website.Service.Hub", "website\Website.Service.Hub\Website.Service.Hub.csproj", "{BFF50994-B440-49A0-9F54-331344DDC85D}"
EndProject
Project("{FAE04EC0-301F-11D3-BF4B-00C04F79EFBC}") = "Website.Handler.OrderRepository", "website\Website.Handler.OrderRepository\Website.Handler.OrderRepository.csproj", "{8753B948-7A3D-4D6E-ADD2-248A4855C977}"
EndProject
Project("{FAE04EC0-301F-11D3-BF4B-00C04F79EFBC}") = "Website.SagaDb", "website\Website.SagaDb\Website.SagaDb.csproj", "{B159A069-7A52-4CD2-87A9-72871845861D}"
EndProject
Project("{FAE04EC0-301F-11D3-BF4B-00C04F79EFBC}") = "Website.Sagas", "website\Website.Sagas\Website.Sagas.csproj", "{6B82DBEE-9864-4FAA-A46F-D2428A2E1FAA}"
EndProject
Project("{FAE04EC0-301F-11D3-BF4B-00C04F79EFBC}") = "Website.Sagas.Repository", "website\Website.Sagas.Repository\Website.Sagas.Repository.csproj", "{6E9B82A2-A8F9-4947-AAEC-E4F932828516}"
EndProject
Global
	GlobalSection(SolutionConfigurationPlatforms) = preSolution
		Debug|Any CPU = Debug|Any CPU
		Release|Any CPU = Release|Any CPU
	EndGlobalSection
	GlobalSection(ProjectConfigurationPlatforms) = postSolution
		{39E5B6AB-C4FF-46AA-9375-F68034D0E121}.Debug|Any CPU.ActiveCfg = Debug|Any CPU
		{39E5B6AB-C4FF-46AA-9375-F68034D0E121}.Debug|Any CPU.Build.0 = Debug|Any CPU
		{39E5B6AB-C4FF-46AA-9375-F68034D0E121}.Release|Any CPU.ActiveCfg = Release|Any CPU
		{39E5B6AB-C4FF-46AA-9375-F68034D0E121}.Release|Any CPU.Build.0 = Release|Any CPU
		{F37604C6-327F-4743-BE30-CB5CC3A56EC5}.Debug|Any CPU.ActiveCfg = Debug|Any CPU
		{F37604C6-327F-4743-BE30-CB5CC3A56EC5}.Debug|Any CPU.Build.0 = Debug|Any CPU
		{F37604C6-327F-4743-BE30-CB5CC3A56EC5}.Release|Any CPU.ActiveCfg = Release|Any CPU
		{F37604C6-327F-4743-BE30-CB5CC3A56EC5}.Release|Any CPU.Build.0 = Release|Any CPU
		{2A4E4232-4AE2-4977-8D70-D61A121552C4}.Debug|Any CPU.ActiveCfg = Debug|Any CPU
		{2A4E4232-4AE2-4977-8D70-D61A121552C4}.Debug|Any CPU.Build.0 = Debug|Any CPU
		{2A4E4232-4AE2-4977-8D70-D61A121552C4}.Release|Any CPU.ActiveCfg = Release|Any CPU
		{2A4E4232-4AE2-4977-8D70-D61A121552C4}.Release|Any CPU.Build.0 = Release|Any CPU
		{35DE831C-6403-4A80-8F51-63AF3E8CB6CB}.Debug|Any CPU.ActiveCfg = Debug|Any CPU
		{35DE831C-6403-4A80-8F51-63AF3E8CB6CB}.Debug|Any CPU.Build.0 = Debug|Any CPU
		{35DE831C-6403-4A80-8F51-63AF3E8CB6CB}.Release|Any CPU.ActiveCfg = Release|Any CPU
		{35DE831C-6403-4A80-8F51-63AF3E8CB6CB}.Release|Any CPU.Build.0 = Release|Any CPU
		{5A7D6192-598A-4A92-8099-A06D05EAA2CB}.Debug|Any CPU.ActiveCfg = Debug|Any CPU
		{5A7D6192-598A-4A92-8099-A06D05EAA2CB}.Debug|Any CPU.Build.0 = Debug|Any CPU
		{5A7D6192-598A-4A92-8099-A06D05EAA2CB}.Release|Any CPU.ActiveCfg = Release|Any CPU
		{5A7D6192-598A-4A92-8099-A06D05EAA2CB}.Release|Any CPU.Build.0 = Release|Any CPU
		{2D4B07C8-976F-4F53-8B82-79371B310096}.Debug|Any CPU.ActiveCfg = Debug|Any CPU
		{2D4B07C8-976F-4F53-8B82-79371B310096}.Debug|Any CPU.Build.0 = Debug|Any CPU
		{2D4B07C8-976F-4F53-8B82-79371B310096}.Release|Any CPU.ActiveCfg = Release|Any CPU
		{2D4B07C8-976F-4F53-8B82-79371B310096}.Release|Any CPU.Build.0 = Release|Any CPU
		{4EBB3606-6B97-47CF-9B72-EB3960145AD1}.Debug|Any CPU.ActiveCfg = Debug|Any CPU
		{4EBB3606-6B97-47CF-9B72-EB3960145AD1}.Debug|Any CPU.Build.0 = Debug|Any CPU
		{4EBB3606-6B97-47CF-9B72-EB3960145AD1}.Release|Any CPU.ActiveCfg = Release|Any CPU
		{4EBB3606-6B97-47CF-9B72-EB3960145AD1}.Release|Any CPU.Build.0 = Release|Any CPU
		{C8E06BFF-AE5A-4572-8CB2-D5183CF9FCA2}.Debug|Any CPU.ActiveCfg = Debug|Any CPU
		{C8E06BFF-AE5A-4572-8CB2-D5183CF9FCA2}.Debug|Any CPU.Build.0 = Debug|Any CPU
		{C8E06BFF-AE5A-4572-8CB2-D5183CF9FCA2}.Release|Any CPU.ActiveCfg = Release|Any CPU
		{C8E06BFF-AE5A-4572-8CB2-D5183CF9FCA2}.Release|Any CPU.Build.0 = Release|Any CPU
		{2B26BA10-B7B4-4D2A-8ABE-07F2FC52AA4A}.Debug|Any CPU.ActiveCfg = Debug|Any CPU
		{2B26BA10-B7B4-4D2A-8ABE-07F2FC52AA4A}.Debug|Any CPU.Build.0 = Debug|Any CPU
		{2B26BA10-B7B4-4D2A-8ABE-07F2FC52AA4A}.Release|Any CPU.ActiveCfg = Release|Any CPU
		{2B26BA10-B7B4-4D2A-8ABE-07F2FC52AA4A}.Release|Any CPU.Build.0 = Release|Any CPU
		{F7EFAE92-913C-4E09-A2F2-C928D6D5271D}.Debug|Any CPU.ActiveCfg = Debug|Any CPU
		{F7EFAE92-913C-4E09-A2F2-C928D6D5271D}.Debug|Any CPU.Build.0 = Debug|Any CPU
		{F7EFAE92-913C-4E09-A2F2-C928D6D5271D}.Release|Any CPU.ActiveCfg = Release|Any CPU
		{F7EFAE92-913C-4E09-A2F2-C928D6D5271D}.Release|Any CPU.Build.0 = Release|Any CPU
		{3802FA69-E0C8-4D0E-B22B-D979974069D7}.Debug|Any CPU.ActiveCfg = Debug|Any CPU
		{3802FA69-E0C8-4D0E-B22B-D979974069D7}.Debug|Any CPU.Build.0 = Debug|Any CPU
		{3802FA69-E0C8-4D0E-B22B-D979974069D7}.Release|Any CPU.ActiveCfg = Release|Any CPU
		{3802FA69-E0C8-4D0E-B22B-D979974069D7}.Release|Any CPU.Build.0 = Release|Any CPU
		{BCB5C494-40B4-4570-A9D7-B76385930173}.Debug|Any CPU.ActiveCfg = Debug|Any CPU
		{BCB5C494-40B4-4570-A9D7-B76385930173}.Debug|Any CPU.Build.0 = Debug|Any CPU
		{BCB5C494-40B4-4570-A9D7-B76385930173}.Release|Any CPU.ActiveCfg = Release|Any CPU
		{BCB5C494-40B4-4570-A9D7-B76385930173}.Release|Any CPU.Build.0 = Release|Any CPU
		{1715AA00-F118-4BF1-B1D1-9EF92A59A555}.Debug|Any CPU.ActiveCfg = Debug|Any CPU
		{1715AA00-F118-4BF1-B1D1-9EF92A59A555}.Debug|Any CPU.Build.0 = Debug|Any CPU
		{1715AA00-F118-4BF1-B1D1-9EF92A59A555}.Release|Any CPU.ActiveCfg = Release|Any CPU
		{1715AA00-F118-4BF1-B1D1-9EF92A59A555}.Release|Any CPU.Build.0 = Release|Any CPU
		{8417CFF5-9D32-461E-8579-012711283D3D}.Debug|Any CPU.ActiveCfg = Debug|Any CPU
		{8417CFF5-9D32-461E-8579-012711283D3D}.Debug|Any CPU.Build.0 = Debug|Any CPU
		{8417CFF5-9D32-461E-8579-012711283D3D}.Release|Any CPU.ActiveCfg = Release|Any CPU
		{8417CFF5-9D32-461E-8579-012711283D3D}.Release|Any CPU.Build.0 = Release|Any CPU
		{0FBBAA62-2722-4096-B98E-3D576DDAA885}.Debug|Any CPU.ActiveCfg = Debug|Any CPU
		{0FBBAA62-2722-4096-B98E-3D576DDAA885}.Debug|Any CPU.Build.0 = Debug|Any CPU
		{0FBBAA62-2722-4096-B98E-3D576DDAA885}.Release|Any CPU.ActiveCfg = Release|Any CPU
		{0FBBAA62-2722-4096-B98E-3D576DDAA885}.Release|Any CPU.Build.0 = Release|Any CPU
		{CD65BA35-E163-49A1-A751-97945AFC56E0}.Debug|Any CPU.ActiveCfg = Debug|Any CPU
		{CD65BA35-E163-49A1-A751-97945AFC56E0}.Debug|Any CPU.Build.0 = Debug|Any CPU
		{CD65BA35-E163-49A1-A751-97945AFC56E0}.Release|Any CPU.ActiveCfg = Release|Any CPU
		{CD65BA35-E163-49A1-A751-97945AFC56E0}.Release|Any CPU.Build.0 = Release|Any CPU
		{813C5027-1AD3-448A-BE63-6F6B1EAD6908}.Debug|Any CPU.ActiveCfg = Debug|Any CPU
		{813C5027-1AD3-448A-BE63-6F6B1EAD6908}.Debug|Any CPU.Build.0 = Debug|Any CPU
		{813C5027-1AD3-448A-BE63-6F6B1EAD6908}.Release|Any CPU.ActiveCfg = Release|Any CPU
		{813C5027-1AD3-448A-BE63-6F6B1EAD6908}.Release|Any CPU.Build.0 = Release|Any CPU
		{45064091-0C61-4807-ACE7-0D8687EC81AF}.Debug|Any CPU.ActiveCfg = Debug|Any CPU
		{45064091-0C61-4807-ACE7-0D8687EC81AF}.Debug|Any CPU.Build.0 = Debug|Any CPU
		{45064091-0C61-4807-ACE7-0D8687EC81AF}.Release|Any CPU.ActiveCfg = Release|Any CPU
		{45064091-0C61-4807-ACE7-0D8687EC81AF}.Release|Any CPU.Build.0 = Release|Any CPU
		{491A987E-F0C0-490E-B1FF-0593CB5C765D}.Debug|Any CPU.ActiveCfg = Debug|Any CPU
		{491A987E-F0C0-490E-B1FF-0593CB5C765D}.Debug|Any CPU.Build.0 = Debug|Any CPU
		{491A987E-F0C0-490E-B1FF-0593CB5C765D}.Release|Any CPU.ActiveCfg = Release|Any CPU
		{491A987E-F0C0-490E-B1FF-0593CB5C765D}.Release|Any CPU.Build.0 = Release|Any CPU
		{01926592-E437-4307-833C-C723D1ACA96F}.Debug|Any CPU.ActiveCfg = Debug|Any CPU
		{01926592-E437-4307-833C-C723D1ACA96F}.Debug|Any CPU.Build.0 = Debug|Any CPU
		{01926592-E437-4307-833C-C723D1ACA96F}.Release|Any CPU.ActiveCfg = Release|Any CPU
		{01926592-E437-4307-833C-C723D1ACA96F}.Release|Any CPU.Build.0 = Release|Any CPU
		{84F6F14A-44ED-4488-9AAA-456AADDAED57}.Debug|Any CPU.ActiveCfg = Debug|Any CPU
		{84F6F14A-44ED-4488-9AAA-456AADDAED57}.Debug|Any CPU.Build.0 = Debug|Any CPU
		{84F6F14A-44ED-4488-9AAA-456AADDAED57}.Release|Any CPU.ActiveCfg = Release|Any CPU
		{84F6F14A-44ED-4488-9AAA-456AADDAED57}.Release|Any CPU.Build.0 = Release|Any CPU
		{3B66482D-D70F-43C2-A0B9-AADCE9A191EB}.Debug|Any CPU.ActiveCfg = Debug|Any CPU
		{3B66482D-D70F-43C2-A0B9-AADCE9A191EB}.Debug|Any CPU.Build.0 = Debug|Any CPU
		{3B66482D-D70F-43C2-A0B9-AADCE9A191EB}.Release|Any CPU.ActiveCfg = Release|Any CPU
		{3B66482D-D70F-43C2-A0B9-AADCE9A191EB}.Release|Any CPU.Build.0 = Release|Any CPU
		{15646073-FBD3-4629-9E83-0A3CFE170AB7}.Debug|Any CPU.ActiveCfg = Debug|Any CPU
		{15646073-FBD3-4629-9E83-0A3CFE170AB7}.Debug|Any CPU.Build.0 = Debug|Any CPU
		{15646073-FBD3-4629-9E83-0A3CFE170AB7}.Release|Any CPU.ActiveCfg = Release|Any CPU
		{15646073-FBD3-4629-9E83-0A3CFE170AB7}.Release|Any CPU.Build.0 = Release|Any CPU
		{77720696-21FE-4530-B78A-7E5E60A98056}.Debug|Any CPU.ActiveCfg = Debug|Any CPU
		{77720696-21FE-4530-B78A-7E5E60A98056}.Debug|Any CPU.Build.0 = Debug|Any CPU
		{77720696-21FE-4530-B78A-7E5E60A98056}.Release|Any CPU.ActiveCfg = Release|Any CPU
		{77720696-21FE-4530-B78A-7E5E60A98056}.Release|Any CPU.Build.0 = Release|Any CPU
		{A1618C54-7C13-4901-BD83-BA80BBA7B8D3}.Debug|Any CPU.ActiveCfg = Debug|Any CPU
		{A1618C54-7C13-4901-BD83-BA80BBA7B8D3}.Debug|Any CPU.Build.0 = Debug|Any CPU
		{A1618C54-7C13-4901-BD83-BA80BBA7B8D3}.Release|Any CPU.ActiveCfg = Release|Any CPU
		{A1618C54-7C13-4901-BD83-BA80BBA7B8D3}.Release|Any CPU.Build.0 = Release|Any CPU
		{F167DC99-82B4-4F23-B36F-0B889A6506A4}.Debug|Any CPU.ActiveCfg = Debug|Any CPU
		{F167DC99-82B4-4F23-B36F-0B889A6506A4}.Debug|Any CPU.Build.0 = Debug|Any CPU
		{F167DC99-82B4-4F23-B36F-0B889A6506A4}.Release|Any CPU.ActiveCfg = Release|Any CPU
		{F167DC99-82B4-4F23-B36F-0B889A6506A4}.Release|Any CPU.Build.0 = Release|Any CPU
		{F84EEBD3-65C5-4BDC-98C8-490A21C0F914}.Debug|Any CPU.ActiveCfg = Debug|Any CPU
		{F84EEBD3-65C5-4BDC-98C8-490A21C0F914}.Debug|Any CPU.Build.0 = Debug|Any CPU
		{F84EEBD3-65C5-4BDC-98C8-490A21C0F914}.Release|Any CPU.ActiveCfg = Release|Any CPU
		{F84EEBD3-65C5-4BDC-98C8-490A21C0F914}.Release|Any CPU.Build.0 = Release|Any CPU
		{D479D37F-015E-4DD7-ACF1-8A43D8FC4F60}.Debug|Any CPU.ActiveCfg = Debug|Any CPU
		{D479D37F-015E-4DD7-ACF1-8A43D8FC4F60}.Debug|Any CPU.Build.0 = Debug|Any CPU
		{D479D37F-015E-4DD7-ACF1-8A43D8FC4F60}.Release|Any CPU.ActiveCfg = Release|Any CPU
		{D479D37F-015E-4DD7-ACF1-8A43D8FC4F60}.Release|Any CPU.Build.0 = Release|Any CPU
		{98FD697F-8D97-44B2-BC47-5E82D4A6F4E6}.Debug|Any CPU.ActiveCfg = Debug|Any CPU
		{98FD697F-8D97-44B2-BC47-5E82D4A6F4E6}.Debug|Any CPU.Build.0 = Debug|Any CPU
		{98FD697F-8D97-44B2-BC47-5E82D4A6F4E6}.Release|Any CPU.ActiveCfg = Release|Any CPU
		{98FD697F-8D97-44B2-BC47-5E82D4A6F4E6}.Release|Any CPU.Build.0 = Release|Any CPU
		{F9C6F143-B146-4643-B8AC-F4461EED3B55}.Debug|Any CPU.ActiveCfg = Debug|Any CPU
		{F9C6F143-B146-4643-B8AC-F4461EED3B55}.Debug|Any CPU.Build.0 = Debug|Any CPU
		{F9C6F143-B146-4643-B8AC-F4461EED3B55}.Release|Any CPU.ActiveCfg = Release|Any CPU
		{F9C6F143-B146-4643-B8AC-F4461EED3B55}.Release|Any CPU.Build.0 = Release|Any CPU
		{BFF50994-B440-49A0-9F54-331344DDC85D}.Debug|Any CPU.ActiveCfg = Debug|Any CPU
		{BFF50994-B440-49A0-9F54-331344DDC85D}.Debug|Any CPU.Build.0 = Debug|Any CPU
		{BFF50994-B440-49A0-9F54-331344DDC85D}.Release|Any CPU.ActiveCfg = Release|Any CPU
		{BFF50994-B440-49A0-9F54-331344DDC85D}.Release|Any CPU.Build.0 = Release|Any CPU
		{8753B948-7A3D-4D6E-ADD2-248A4855C977}.Debug|Any CPU.ActiveCfg = Debug|Any CPU
		{8753B948-7A3D-4D6E-ADD2-248A4855C977}.Debug|Any CPU.Build.0 = Debug|Any CPU
		{8753B948-7A3D-4D6E-ADD2-248A4855C977}.Release|Any CPU.ActiveCfg = Release|Any CPU
		{8753B948-7A3D-4D6E-ADD2-248A4855C977}.Release|Any CPU.Build.0 = Release|Any CPU
		{B159A069-7A52-4CD2-87A9-72871845861D}.Debug|Any CPU.ActiveCfg = Debug|Any CPU
		{B159A069-7A52-4CD2-87A9-72871845861D}.Debug|Any CPU.Build.0 = Debug|Any CPU
		{B159A069-7A52-4CD2-87A9-72871845861D}.Release|Any CPU.ActiveCfg = Release|Any CPU
		{B159A069-7A52-4CD2-87A9-72871845861D}.Release|Any CPU.Build.0 = Release|Any CPU
		{6B82DBEE-9864-4FAA-A46F-D2428A2E1FAA}.Debug|Any CPU.ActiveCfg = Debug|Any CPU
		{6B82DBEE-9864-4FAA-A46F-D2428A2E1FAA}.Debug|Any CPU.Build.0 = Debug|Any CPU
		{6B82DBEE-9864-4FAA-A46F-D2428A2E1FAA}.Release|Any CPU.ActiveCfg = Release|Any CPU
		{6B82DBEE-9864-4FAA-A46F-D2428A2E1FAA}.Release|Any CPU.Build.0 = Release|Any CPU
		{6E9B82A2-A8F9-4947-AAEC-E4F932828516}.Debug|Any CPU.ActiveCfg = Debug|Any CPU
		{6E9B82A2-A8F9-4947-AAEC-E4F932828516}.Debug|Any CPU.Build.0 = Debug|Any CPU
		{6E9B82A2-A8F9-4947-AAEC-E4F932828516}.Release|Any CPU.ActiveCfg = Release|Any CPU
		{6E9B82A2-A8F9-4947-AAEC-E4F932828516}.Release|Any CPU.Build.0 = Release|Any CPU
	EndGlobalSection
	GlobalSection(SolutionProperties) = preSolution
		HideSolutionNode = FALSE
	EndGlobalSection
	GlobalSection(NestedProjects) = preSolution
		{39E5B6AB-C4FF-46AA-9375-F68034D0E121} = {1D506239-8CCC-4363-A4FC-C0D94CFF036E}
		{F37604C6-327F-4743-BE30-CB5CC3A56EC5} = {1D506239-8CCC-4363-A4FC-C0D94CFF036E}
		{2A4E4232-4AE2-4977-8D70-D61A121552C4} = {B07A3AA9-0395-42B6-B45C-0C765F4959C7}
		{35DE831C-6403-4A80-8F51-63AF3E8CB6CB} = {B07A3AA9-0395-42B6-B45C-0C765F4959C7}
		{5A7D6192-598A-4A92-8099-A06D05EAA2CB} = {B07A3AA9-0395-42B6-B45C-0C765F4959C7}
		{2D4B07C8-976F-4F53-8B82-79371B310096} = {B07A3AA9-0395-42B6-B45C-0C765F4959C7}
		{4EBB3606-6B97-47CF-9B72-EB3960145AD1} = {B07A3AA9-0395-42B6-B45C-0C765F4959C7}
		{C8E06BFF-AE5A-4572-8CB2-D5183CF9FCA2} = {B07A3AA9-0395-42B6-B45C-0C765F4959C7}
		{2B26BA10-B7B4-4D2A-8ABE-07F2FC52AA4A} = {B07A3AA9-0395-42B6-B45C-0C765F4959C7}
		{F7EFAE92-913C-4E09-A2F2-C928D6D5271D} = {B07A3AA9-0395-42B6-B45C-0C765F4959C7}
		{3802FA69-E0C8-4D0E-B22B-D979974069D7} = {B07A3AA9-0395-42B6-B45C-0C765F4959C7}
		{BCB5C494-40B4-4570-A9D7-B76385930173} = {B07A3AA9-0395-42B6-B45C-0C765F4959C7}
		{1715AA00-F118-4BF1-B1D1-9EF92A59A555} = {C7648C96-6B06-4A9A-8568-2B97640EFC51}
		{8417CFF5-9D32-461E-8579-012711283D3D} = {C7648C96-6B06-4A9A-8568-2B97640EFC51}
		{0FBBAA62-2722-4096-B98E-3D576DDAA885} = {C7648C96-6B06-4A9A-8568-2B97640EFC51}
		{CD65BA35-E163-49A1-A751-97945AFC56E0} = {C7648C96-6B06-4A9A-8568-2B97640EFC51}
		{813C5027-1AD3-448A-BE63-6F6B1EAD6908} = {C7648C96-6B06-4A9A-8568-2B97640EFC51}
		{45064091-0C61-4807-ACE7-0D8687EC81AF} = {C7648C96-6B06-4A9A-8568-2B97640EFC51}
		{491A987E-F0C0-490E-B1FF-0593CB5C765D} = {4FC018BF-DFED-4001-B21D-599DAE7DBC2C}
		{01926592-E437-4307-833C-C723D1ACA96F} = {4FC018BF-DFED-4001-B21D-599DAE7DBC2C}
		{84F6F14A-44ED-4488-9AAA-456AADDAED57} = {4FC018BF-DFED-4001-B21D-599DAE7DBC2C}
		{3B66482D-D70F-43C2-A0B9-AADCE9A191EB} = {4FC018BF-DFED-4001-B21D-599DAE7DBC2C}
		{15646073-FBD3-4629-9E83-0A3CFE170AB7} = {4FC018BF-DFED-4001-B21D-599DAE7DBC2C}
		{77720696-21FE-4530-B78A-7E5E60A98056} = {4FC018BF-DFED-4001-B21D-599DAE7DBC2C}
		{A1618C54-7C13-4901-BD83-BA80BBA7B8D3} = {510F1DC7-BF2B-44A3-9DE7-514F5EF94156}
		{F167DC99-82B4-4F23-B36F-0B889A6506A4} = {510F1DC7-BF2B-44A3-9DE7-514F5EF94156}
		{F84EEBD3-65C5-4BDC-98C8-490A21C0F914} = {510F1DC7-BF2B-44A3-9DE7-514F5EF94156}
		{D479D37F-015E-4DD7-ACF1-8A43D8FC4F60} = {510F1DC7-BF2B-44A3-9DE7-514F5EF94156}
		{98FD697F-8D97-44B2-BC47-5E82D4A6F4E6} = {510F1DC7-BF2B-44A3-9DE7-514F5EF94156}
		{F9C6F143-B146-4643-B8AC-F4461EED3B55} = {510F1DC7-BF2B-44A3-9DE7-514F5EF94156}
		{BFF50994-B440-49A0-9F54-331344DDC85D} = {510F1DC7-BF2B-44A3-9DE7-514F5EF94156}
		{8753B948-7A3D-4D6E-ADD2-248A4855C977} = {510F1DC7-BF2B-44A3-9DE7-514F5EF94156}
		{B159A069-7A52-4CD2-87A9-72871845861D} = {510F1DC7-BF2B-44A3-9DE7-514F5EF94156}
		{6B82DBEE-9864-4FAA-A46F-D2428A2E1FAA} = {510F1DC7-BF2B-44A3-9DE7-514F5EF94156}
		{6E9B82A2-A8F9-4947-AAEC-E4F932828516} = {510F1DC7-BF2B-44A3-9DE7-514F5EF94156}
	EndGlobalSection
EndGlobal
